
Microsoft Visual Studio Solution File, Format Version 12.00
# Visual Studio Version 16
VisualStudioVersion = 16.0.31005.135
MinimumVisualStudioVersion = 10.0.40219.1
Project("{FAE04EC0-301F-11D3-BF4B-00C04F79EFBC}") = "DoveEye", "DoveEye.csproj", "{5F423F06-CC83-4DDF-9D6F-CED5B810340A}"
EndProject
Project("{54435603-DBB4-11D2-8724-00A0C9A8B90C}") = "DoveEye Installer", "..\DoveEye Installer\DoveEye Installer.vdproj", "{F0641750-2B15-478D-9F78-A08B76A7605C}"
EndProject
Project("{C7167F0D-BC9F-4E6E-AFE1-012C56B48DB5}") = "DoveEye Packaging", "..\DoveEye Packaging\DoveEye Packaging.wapproj", "{4207863C-B347-4D3A-892E-FBFCFADFAC61}"
EndProject
Global
	GlobalSection(SolutionConfigurationPlatforms) = preSolution
		Debug|Any CPU = Debug|Any CPU
		Debug|ARM = Debug|ARM
		Debug|ARM64 = Debug|ARM64
		Debug|x64 = Debug|x64
		Debug|x86 = Debug|x86
		Release|Any CPU = Release|Any CPU
		Release|ARM = Release|ARM
		Release|ARM64 = Release|ARM64
		Release|x64 = Release|x64
		Release|x86 = Release|x86
	EndGlobalSection
	GlobalSection(ProjectConfigurationPlatforms) = postSolution
		{5F423F06-CC83-4DDF-9D6F-CED5B810340A}.Debug|Any CPU.ActiveCfg = Debug|Any CPU
		{5F423F06-CC83-4DDF-9D6F-CED5B810340A}.Debug|Any CPU.Build.0 = Debug|Any CPU
		{5F423F06-CC83-4DDF-9D6F-CED5B810340A}.Debug|ARM.ActiveCfg = Debug|Any CPU
		{5F423F06-CC83-4DDF-9D6F-CED5B810340A}.Debug|ARM.Build.0 = Debug|Any CPU
		{5F423F06-CC83-4DDF-9D6F-CED5B810340A}.Debug|ARM64.ActiveCfg = Debug|Any CPU
		{5F423F06-CC83-4DDF-9D6F-CED5B810340A}.Debug|ARM64.Build.0 = Debug|Any CPU
		{5F423F06-CC83-4DDF-9D6F-CED5B810340A}.Debug|x64.ActiveCfg = Debug|x64
		{5F423F06-CC83-4DDF-9D6F-CED5B810340A}.Debug|x64.Build.0 = Debug|x64
		{5F423F06-CC83-4DDF-9D6F-CED5B810340A}.Debug|x86.ActiveCfg = Debug|Any CPU
		{5F423F06-CC83-4DDF-9D6F-CED5B810340A}.Debug|x86.Build.0 = Debug|Any CPU
		{5F423F06-CC83-4DDF-9D6F-CED5B810340A}.Release|Any CPU.ActiveCfg = Release|Any CPU
		{5F423F06-CC83-4DDF-9D6F-CED5B810340A}.Release|Any CPU.Build.0 = Release|Any CPU
		{5F423F06-CC83-4DDF-9D6F-CED5B810340A}.Release|ARM.ActiveCfg = Release|Any CPU
		{5F423F06-CC83-4DDF-9D6F-CED5B810340A}.Release|ARM.Build.0 = Release|Any CPU
		{5F423F06-CC83-4DDF-9D6F-CED5B810340A}.Release|ARM64.ActiveCfg = Release|Any CPU
		{5F423F06-CC83-4DDF-9D6F-CED5B810340A}.Release|ARM64.Build.0 = Release|Any CPU
		{5F423F06-CC83-4DDF-9D6F-CED5B810340A}.Release|x64.ActiveCfg = Release|x64
		{5F423F06-CC83-4DDF-9D6F-CED5B810340A}.Release|x64.Build.0 = Release|x64
		{5F423F06-CC83-4DDF-9D6F-CED5B810340A}.Release|x86.ActiveCfg = Release|Any CPU
		{5F423F06-CC83-4DDF-9D6F-CED5B810340A}.Release|x86.Build.0 = Release|Any CPU
		{F0641750-2B15-478D-9F78-A08B76A7605C}.Debug|Any CPU.ActiveCfg = Debug
		{F0641750-2B15-478D-9F78-A08B76A7605C}.Debug|ARM.ActiveCfg = Debug
		{F0641750-2B15-478D-9F78-A08B76A7605C}.Debug|ARM.Build.0 = Debug
		{F0641750-2B15-478D-9F78-A08B76A7605C}.Debug|ARM64.ActiveCfg = Debug
		{F0641750-2B15-478D-9F78-A08B76A7605C}.Debug|ARM64.Build.0 = Debug
		{F0641750-2B15-478D-9F78-A08B76A7605C}.Debug|x64.ActiveCfg = Release
		{F0641750-2B15-478D-9F78-A08B76A7605C}.Debug|x64.Build.0 = Release
		{F0641750-2B15-478D-9F78-A08B76A7605C}.Debug|x86.ActiveCfg = Debug
		{F0641750-2B15-478D-9F78-A08B76A7605C}.Debug|x86.Build.0 = Debug
		{F0641750-2B15-478D-9F78-A08B76A7605C}.Release|Any CPU.ActiveCfg = Release
		{F0641750-2B15-478D-9F78-A08B76A7605C}.Release|ARM.ActiveCfg = Release
		{F0641750-2B15-478D-9F78-A08B76A7605C}.Release|ARM.Build.0 = Release
		{F0641750-2B15-478D-9F78-A08B76A7605C}.Release|ARM64.ActiveCfg = Release
		{F0641750-2B15-478D-9F78-A08B76A7605C}.Release|ARM64.Build.0 = Release
		{F0641750-2B15-478D-9F78-A08B76A7605C}.Release|x64.ActiveCfg = Release
		{F0641750-2B15-478D-9F78-A08B76A7605C}.Release|x86.ActiveCfg = Release
		{F0641750-2B15-478D-9F78-A08B76A7605C}.Release|x86.Build.0 = Release
		{4207863C-B347-4D3A-892E-FBFCFADFAC61}.Debug|Any CPU.ActiveCfg = Debug|Any CPU
		{4207863C-B347-4D3A-892E-FBFCFADFAC61}.Debug|Any CPU.Build.0 = Debug|Any CPU
		{4207863C-B347-4D3A-892E-FBFCFADFAC61}.Debug|Any CPU.Deploy.0 = Debug|Any CPU
		{4207863C-B347-4D3A-892E-FBFCFADFAC61}.Debug|ARM.ActiveCfg = Debug|ARM
		{4207863C-B347-4D3A-892E-FBFCFADFAC61}.Debug|ARM.Build.0 = Debug|ARM
		{4207863C-B347-4D3A-892E-FBFCFADFAC61}.Debug|ARM.Deploy.0 = Debug|ARM
		{4207863C-B347-4D3A-892E-FBFCFADFAC61}.Debug|ARM64.ActiveCfg = Debug|ARM64
		{4207863C-B347-4D3A-892E-FBFCFADFAC61}.Debug|ARM64.Build.0 = Debug|ARM64
		{4207863C-B347-4D3A-892E-FBFCFADFAC61}.Debug|ARM64.Deploy.0 = Debug|ARM64
		{4207863C-B347-4D3A-892E-FBFCFADFAC61}.Debug|x64.ActiveCfg = Debug|x64
		{4207863C-B347-4D3A-892E-FBFCFADFAC61}.Debug|x64.Build.0 = Debug|x64
		{4207863C-B347-4D3A-892E-FBFCFADFAC61}.Debug|x64.Deploy.0 = Debug|x64
		{4207863C-B347-4D3A-892E-FBFCFADFAC61}.Debug|x86.ActiveCfg = Debug|x86
		{4207863C-B347-4D3A-892E-FBFCFADFAC61}.Debug|x86.Build.0 = Debug|x86
		{4207863C-B347-4D3A-892E-FBFCFADFAC61}.Debug|x86.Deploy.0 = Debug|x86
		{4207863C-B347-4D3A-892E-FBFCFADFAC61}.Release|Any CPU.ActiveCfg = Release|Any CPU
		{4207863C-B347-4D3A-892E-FBFCFADFAC61}.Release|Any CPU.Build.0 = Release|Any CPU
		{4207863C-B347-4D3A-892E-FBFCFADFAC61}.Release|Any CPU.Deploy.0 = Release|Any CPU
		{4207863C-B347-4D3A-892E-FBFCFADFAC61}.Release|ARM.ActiveCfg = Release|ARM
		{4207863C-B347-4D3A-892E-FBFCFADFAC61}.Release|ARM.Build.0 = Release|ARM
		{4207863C-B347-4D3A-892E-FBFCFADFAC61}.Release|ARM.Deploy.0 = Release|ARM
		{4207863C-B347-4D3A-892E-FBFCFADFAC61}.Release|ARM64.ActiveCfg = Release|ARM64
		{4207863C-B347-4D3A-892E-FBFCFADFAC61}.Release|ARM64.Build.0 = Release|ARM64
		{4207863C-B347-4D3A-892E-FBFCFADFAC61}.Release|ARM64.Deploy.0 = Release|ARM64
		{4207863C-B347-4D3A-892E-FBFCFADFAC61}.Release|x64.ActiveCfg = Release|x64
		{4207863C-B347-4D3A-892E-FBFCFADFAC61}.Release|x64.Build.0 = Release|x64
		{4207863C-B347-4D3A-892E-FBFCFADFAC61}.Release|x64.Deploy.0 = Release|x64
		{4207863C-B347-4D3A-892E-FBFCFADFAC61}.Release|x86.ActiveCfg = Release|x86
		{4207863C-B347-4D3A-892E-FBFCFADFAC61}.Release|x86.Build.0 = Release|x86
		{4207863C-B347-4D3A-892E-FBFCFADFAC61}.Release|x86.Deploy.0 = Release|x86
	EndGlobalSection
	GlobalSection(SolutionProperties) = preSolution
		HideSolutionNode = FALSE
	EndGlobalSection
	GlobalSection(ExtensibilityGlobals) = postSolution
		SolutionGuid = {074D8CC4-7DA5-427A-B2F2-4C23154D641C}
	EndGlobalSection
EndGlobal
